
Microsoft Visual Studio Solution File, Format Version 12.00
# Visual Studio Version 16
VisualStudioVersion = 16.0.30114.105
MinimumVisualStudioVersion = 10.0.40219.1
Project("{FAE04EC0-301F-11D3-BF4B-00C04F79EFBC}") = "ZAD5_WPF_NIEWEGLOWSKI", "ZAD5_WPF_NIEWEGLOWSKI\ZAD5_WPF_NIEWEGLOWSKI.csproj", "{59D55633-7DE6-4A8A-BF5D-30387CAA0A7C}"
EndProject
Global
	GlobalSection(SolutionConfigurationPlatforms) = preSolution
		Debug|Any CPU = Debug|Any CPU
		Release|Any CPU = Release|Any CPU
	EndGlobalSection
	GlobalSection(ProjectConfigurationPlatforms) = postSolution
		{59D55633-7DE6-4A8A-BF5D-30387CAA0A7C}.Debug|Any CPU.ActiveCfg = Debug|Any CPU
		{59D55633-7DE6-4A8A-BF5D-30387CAA0A7C}.Debug|Any CPU.Build.0 = Debug|Any CPU
		{59D55633-7DE6-4A8A-BF5D-30387CAA0A7C}.Release|Any CPU.ActiveCfg = Release|Any CPU
		{59D55633-7DE6-4A8A-BF5D-30387CAA0A7C}.Release|Any CPU.Build.0 = Release|Any CPU
	EndGlobalSection
	GlobalSection(SolutionProperties) = preSolution
		HideSolutionNode = FALSE
	EndGlobalSection
	GlobalSection(ExtensibilityGlobals) = postSolution
		SolutionGuid = {3E225510-ECD0-489E-BEDB-FA3BF074DE01}
	EndGlobalSection
EndGlobal
